
Microsoft Visual Studio Solution File, Format Version 12.00
# Visual Studio Version 17
VisualStudioVersion = 17.5.33627.172
MinimumVisualStudioVersion = 10.0.40219.1
Project("{FAE04EC0-301F-11D3-BF4B-00C04F79EFBC}") = "ServerPagination", "ServerPagination\ServerPagination.csproj", "{2DAA4CE4-E455-4595-8BF4-8BF6DB7A2DB5}"
EndProject
Global
	GlobalSection(SolutionConfigurationPlatforms) = preSolution
		Debug|Any CPU = Debug|Any CPU
		Release|Any CPU = Release|Any CPU
	EndGlobalSection
	GlobalSection(ProjectConfigurationPlatforms) = postSolution
		{2DAA4CE4-E455-4595-8BF4-8BF6DB7A2DB5}.Debug|Any CPU.ActiveCfg = Debug|Any CPU
		{2DAA4CE4-E455-4595-8BF4-8BF6DB7A2DB5}.Debug|Any CPU.Build.0 = Debug|Any CPU
		{2DAA4CE4-E455-4595-8BF4-8BF6DB7A2DB5}.Release|Any CPU.ActiveCfg = Release|Any CPU
		{2DAA4CE4-E455-4595-8BF4-8BF6DB7A2DB5}.Release|Any CPU.Build.0 = Release|Any CPU
	EndGlobalSection
	GlobalSection(SolutionProperties) = preSolution
		HideSolutionNode = FALSE
	EndGlobalSection
	GlobalSection(ExtensibilityGlobals) = postSolution
		SolutionGuid = {1D95A693-64DC-4E0B-AEDC-D5C464FC663C}
	EndGlobalSection
EndGlobal
